
Microsoft Visual Studio Solution File, Format Version 12.00
# Visual Studio Version 16
VisualStudioVersion = 16.0.31624.102
MinimumVisualStudioVersion = 10.0.40219.1
Project("{9A19103F-16F7-4668-BE54-9A1E7A4F7556}") = "DotNet_Core_API", "DotNet_Core_API\DotNet_Core_API.csproj", "{8F59CDDB-340A-448F-8C0F-DF666439E64A}"
EndProject
Project("{FAE04EC0-301F-11D3-BF4B-00C04F79EFBC}") = "Models", "Models\Models.csproj", "{A8BC5708-559D-48E0-A6BF-67BB05F884F4}"
EndProject
Global
	GlobalSection(SolutionConfigurationPlatforms) = preSolution
		Debug|Any CPU = Debug|Any CPU
		Release|Any CPU = Release|Any CPU
	EndGlobalSection
	GlobalSection(ProjectConfigurationPlatforms) = postSolution
		{8F59CDDB-340A-448F-8C0F-DF666439E64A}.Debug|Any CPU.ActiveCfg = Debug|Any CPU
		{8F59CDDB-340A-448F-8C0F-DF666439E64A}.Debug|Any CPU.Build.0 = Debug|Any CPU
		{8F59CDDB-340A-448F-8C0F-DF666439E64A}.Release|Any CPU.ActiveCfg = Release|Any CPU
		{8F59CDDB-340A-448F-8C0F-DF666439E64A}.Release|Any CPU.Build.0 = Release|Any CPU
		{A8BC5708-559D-48E0-A6BF-67BB05F884F4}.Debug|Any CPU.ActiveCfg = Debug|Any CPU
		{A8BC5708-559D-48E0-A6BF-67BB05F884F4}.Debug|Any CPU.Build.0 = Debug|Any CPU
		{A8BC5708-559D-48E0-A6BF-67BB05F884F4}.Release|Any CPU.ActiveCfg = Release|Any CPU
		{A8BC5708-559D-48E0-A6BF-67BB05F884F4}.Release|Any CPU.Build.0 = Release|Any CPU
	EndGlobalSection
	GlobalSection(SolutionProperties) = preSolution
		HideSolutionNode = FALSE
	EndGlobalSection
	GlobalSection(ExtensibilityGlobals) = postSolution
		SolutionGuid = {379C2C51-0807-4946-8BFC-E5E4D040C49E}
	EndGlobalSection
EndGlobal
